// !$*UTF8*$!
{
	archiveVersion = 1;
	classes = {
	};
	objectVersion = 77;
	objects = {

/* Begin PBXBuildFile section */
		5E47AC8E2DE3436C008B5F14 /* HomeViewModelProtocol.swift in Sources */ = {isa = PBXBuildFile; fileRef = 5E47AC832DE3436C008B5F14 /* HomeViewModelProtocol.swift */; };
		5E47AC8F2DE3436C008B5F14 /* HomeController.swift in Sources */ = {isa = PBXBuildFile; fileRef = 5E47AC812DE3436C008B5F14 /* HomeController.swift */; };
		5E47AC902DE3436C008B5F14 /* HomeViewModel.swift in Sources */ = {isa = PBXBuildFile; fileRef = 5E47AC822DE3436C008B5F14 /* HomeViewModel.swift */; };
		5E47AC912DE3436C008B5F14 /* AppDelegate.swift in Sources */ = {isa = PBXBuildFile; fileRef = 5E47AC882DE3436C008B5F14 /* AppDelegate.swift */; };
		5E47AC922DE3436C008B5F14 /* Assets.xcassets in Resources */ = {isa = PBXBuildFile; fileRef = 5E47AC892DE3436C008B5F14 /* Assets.xcassets */; };
		5E47AC932DE3436C008B5F14 /* Home.storyboard in Resources */ = {isa = PBXBuildFile; fileRef = 5E47AC802DE3436C008B5F14 /* Home.storyboard */; };
		5E47AC952DE3436C008B5F14 /* LaunchScreen.storyboard in Resources */ = {isa = PBXBuildFile; fileRef = 5E47AC8C2DE3436C008B5F14 /* LaunchScreen.storyboard */; };
		5E47AC9C2DE343BB008B5F14 /* GlobeJSONFeedUITests.swift in Sources */ = {isa = PBXBuildFile; fileRef = 5E47AC992DE343BB008B5F14 /* GlobeJSONFeedUITests.swift */; };
		5E47AC9D2DE343BB008B5F14 /* GlobeJSONFeedUITestsLaunchTests.swift in Sources */ = {isa = PBXBuildFile; fileRef = 5E47AC9A2DE343BB008B5F14 /* GlobeJSONFeedUITestsLaunchTests.swift */; };
		5E47AC9F2DE3449F008B5F14 /* App.swift in Sources */ = {isa = PBXBuildFile; fileRef = 5E47AC9E2DE3449D008B5F14 /* App.swift */; };
		5E47ACA12DE344B8008B5F14 /* APIError.swift in Sources */ = {isa = PBXBuildFile; fileRef = 5E47ACA02DE344B4008B5F14 /* APIError.swift */; };
		5E47ACA32DE344D5008B5F14 /* API.swift in Sources */ = {isa = PBXBuildFile; fileRef = 5E47ACA22DE344D3008B5F14 /* API.swift */; };
		5E47ACA62DE3453E008B5F14 /* AppConfig.swift in Sources */ = {isa = PBXBuildFile; fileRef = 5E47ACA52DE3453A008B5F14 /* AppConfig.swift */; };
		5E47ACA92DE345C2008B5F14 /* Alamofire in Frameworks */ = {isa = PBXBuildFile; productRef = 5E47ACA82DE345C2008B5F14 /* Alamofire */; };
		5E7A87152DE5FD000081F300 /* AnimeServiceTests.swift in Sources */ = {isa = PBXBuildFile; fileRef = 5E7A87142DE5FCF90081F300 /* AnimeServiceTests.swift */; };
		5E826D2B2DE5BF12001CB223 /* RemoteAnime.swift in Sources */ = {isa = PBXBuildFile; fileRef = 5E826D2A2DE5BF0D001CB223 /* RemoteAnime.swift */; };
		5E826D2D2DE5BF41001CB223 /* Anime.swift in Sources */ = {isa = PBXBuildFile; fileRef = 5E826D2C2DE5BF3F001CB223 /* Anime.swift */; };
		5E826D312DE5BFBC001CB223 /* AnimeAPI.swift in Sources */ = {isa = PBXBuildFile; fileRef = 5E826D2F2DE5BFBC001CB223 /* AnimeAPI.swift */; };
		5E826D322DE5BFBC001CB223 /* APIClient+Anime.swift in Sources */ = {isa = PBXBuildFile; fileRef = 5E826D302DE5BFBC001CB223 /* APIClient+Anime.swift */; };
		5E826D362DE5C03A001CB223 /* AnimeService.swift in Sources */ = {isa = PBXBuildFile; fileRef = 5E826D342DE5C03A001CB223 /* AnimeService.swift */; };
		5E826D372DE5C03A001CB223 /* AnimeServiceProtocol.swift in Sources */ = {isa = PBXBuildFile; fileRef = 5E826D352DE5C03A001CB223 /* AnimeServiceProtocol.swift */; };
		5E826D3D2DE5C3B8001CB223 /* AnimeCell.xib in Resources */ = {isa = PBXBuildFile; fileRef = 5E826D3A2DE5C3B8001CB223 /* AnimeCell.xib */; };
		5E826D3E2DE5C3B8001CB223 /* AnimeCell.swift in Sources */ = {isa = PBXBuildFile; fileRef = 5E826D392DE5C3B8001CB223 /* AnimeCell.swift */; };
		5E826D3F2DE5C3B8001CB223 /* AnimeCellViewModel.swift in Sources */ = {isa = PBXBuildFile; fileRef = 5E826D3B2DE5C3B8001CB223 /* AnimeCellViewModel.swift */; };
		5E826D402DE5C3B8001CB223 /* AnimeCellViewModelProtocol.swift in Sources */ = {isa = PBXBuildFile; fileRef = 5E826D3C2DE5C3B8001CB223 /* AnimeCellViewModelProtocol.swift */; };
		5E826D432DE5C40A001CB223 /* Kingfisher in Frameworks */ = {isa = PBXBuildFile; productRef = 5E826D422DE5C40A001CB223 /* Kingfisher */; };
		5E826D462DE5C897001CB223 /* UITableView+ReusableCell.swift in Sources */ = {isa = PBXBuildFile; fileRef = 5E826D452DE5C88E001CB223 /* UITableView+ReusableCell.swift */; };
		5E826D482DE5C8B8001CB223 /* Resuable.swift in Sources */ = {isa = PBXBuildFile; fileRef = 5E826D472DE5C8B6001CB223 /* Resuable.swift */; };
		5E826D4D2DE5CD79001CB223 /* AnimeDetails.storyboard in Resources */ = {isa = PBXBuildFile; fileRef = 5E826D492DE5CD79001CB223 /* AnimeDetails.storyboard */; };
		5E826D4E2DE5CD79001CB223 /* AnimeDetailsViewModelProtocol.swift in Sources */ = {isa = PBXBuildFile; fileRef = 5E826D4C2DE5CD79001CB223 /* AnimeDetailsViewModelProtocol.swift */; };
		5E826D4F2DE5CD79001CB223 /* AnimeDetailsViewModel.swift in Sources */ = {isa = PBXBuildFile; fileRef = 5E826D4B2DE5CD79001CB223 /* AnimeDetailsViewModel.swift */; };
		5E826D502DE5CD79001CB223 /* AnimeDetailsController.swift in Sources */ = {isa = PBXBuildFile; fileRef = 5E826D4A2DE5CD79001CB223 /* AnimeDetailsController.swift */; };
		5E826D532DE5F384001CB223 /* HomeViewModelTests.swift in Sources */ = {isa = PBXBuildFile; fileRef = 5E826D522DE5F37C001CB223 /* HomeViewModelTests.swift */; };
		5E826D552DE5F5D6001CB223 /* Anime+Dummy.swift in Sources */ = {isa = PBXBuildFile; fileRef = 5E826D542DE5F5CF001CB223 /* Anime+Dummy.swift */; };
		5E826D5C2DE5F6C7001CB223 /* MockAnimeService.swift in Sources */ = {isa = PBXBuildFile; fileRef = 5E826D5B2DE5F6C1001CB223 /* MockAnimeService.swift */; };
		5E826D5E2DE5FB5B001CB223 /* AnimeDetailsViewModelTests.swift in Sources */ = {isa = PBXBuildFile; fileRef = 5E826D5D2DE5FB58001CB223 /* AnimeDetailsViewModelTests.swift */; };
		5EE858FA2DE601DB00A04A2D /* MockAnimeAPI.swift in Sources */ = {isa = PBXBuildFile; fileRef = 5EE858F92DE601D100A04A2D /* MockAnimeAPI.swift */; };
/* End PBXBuildFile section */

/* Begin PBXContainerItemProxy section */
		5E47AC462DE341A5008B5F14 /* PBXContainerItemProxy */ = {
			isa = PBXContainerItemProxy;
			containerPortal = 5E47AC272DE341A4008B5F14 /* Project object */;
			proxyType = 1;
			remoteGlobalIDString = 5E47AC2E2DE341A4008B5F14;
			remoteInfo = GlobeJSONFeed;
		};
		5E47AC502DE341A5008B5F14 /* PBXContainerItemProxy */ = {
			isa = PBXContainerItemProxy;
			containerPortal = 5E47AC272DE341A4008B5F14 /* Project object */;
			proxyType = 1;
			remoteGlobalIDString = 5E47AC2E2DE341A4008B5F14;
			remoteInfo = GlobeJSONFeed;
		};
/* End PBXContainerItemProxy section */

/* Begin PBXFileReference section */
		5E47AC2F2DE341A4008B5F14 /* GlobeJSONFeed.app */ = {isa = PBXFileReference; explicitFileType = wrapper.application; includeInIndex = 0; path = GlobeJSONFeed.app; sourceTree = BUILT_PRODUCTS_DIR; };
		5E47AC452DE341A5008B5F14 /* GlobeJSONFeedTests.xctest */ = {isa = PBXFileReference; explicitFileType = wrapper.cfbundle; includeInIndex = 0; path = GlobeJSONFeedTests.xctest; sourceTree = BUILT_PRODUCTS_DIR; };
		5E47AC4F2DE341A5008B5F14 /* GlobeJSONFeedUITests.xctest */ = {isa = PBXFileReference; explicitFileType = wrapper.cfbundle; includeInIndex = 0; path = GlobeJSONFeedUITests.xctest; sourceTree = BUILT_PRODUCTS_DIR; };
		5E47AC802DE3436C008B5F14 /* Home.storyboard */ = {isa = PBXFileReference; lastKnownFileType = file.storyboard; path = Home.storyboard; sourceTree = "<group>"; };
		5E47AC812DE3436C008B5F14 /* HomeController.swift */ = {isa = PBXFileReference; lastKnownFileType = sourcecode.swift; path = HomeController.swift; sourceTree = "<group>"; };
		5E47AC822DE3436C008B5F14 /* HomeViewModel.swift */ = {isa = PBXFileReference; lastKnownFileType = sourcecode.swift; path = HomeViewModel.swift; sourceTree = "<group>"; };
		5E47AC832DE3436C008B5F14 /* HomeViewModelProtocol.swift */ = {isa = PBXFileReference; lastKnownFileType = sourcecode.swift; path = HomeViewModelProtocol.swift; sourceTree = "<group>"; };
		5E47AC882DE3436C008B5F14 /* AppDelegate.swift */ = {isa = PBXFileReference; lastKnownFileType = sourcecode.swift; path = AppDelegate.swift; sourceTree = "<group>"; };
		5E47AC892DE3436C008B5F14 /* Assets.xcassets */ = {isa = PBXFileReference; lastKnownFileType = folder.assetcatalog; path = Assets.xcassets; sourceTree = "<group>"; };
		5E47AC8A2DE3436C008B5F14 /* Info.plist */ = {isa = PBXFileReference; lastKnownFileType = text.plist.xml; path = Info.plist; sourceTree = "<group>"; };
		5E47AC8B2DE3436C008B5F14 /* Base */ = {isa = PBXFileReference; lastKnownFileType = file.storyboard; name = Base; path = Base.lproj/LaunchScreen.storyboard; sourceTree = "<group>"; };
		5E47AC992DE343BB008B5F14 /* GlobeJSONFeedUITests.swift */ = {isa = PBXFileReference; lastKnownFileType = sourcecode.swift; path = GlobeJSONFeedUITests.swift; sourceTree = "<group>"; };
		5E47AC9A2DE343BB008B5F14 /* GlobeJSONFeedUITestsLaunchTests.swift */ = {isa = PBXFileReference; lastKnownFileType = sourcecode.swift; path = GlobeJSONFeedUITestsLaunchTests.swift; sourceTree = "<group>"; };
		5E47AC9E2DE3449D008B5F14 /* App.swift */ = {isa = PBXFileReference; lastKnownFileType = sourcecode.swift; path = App.swift; sourceTree = "<group>"; };
		5E47ACA02DE344B4008B5F14 /* APIError.swift */ = {isa = PBXFileReference; lastKnownFileType = sourcecode.swift; path = APIError.swift; sourceTree = "<group>"; };
		5E47ACA22DE344D3008B5F14 /* API.swift */ = {isa = PBXFileReference; lastKnownFileType = sourcecode.swift; path = API.swift; sourceTree = "<group>"; };
		5E47ACA52DE3453A008B5F14 /* AppConfig.swift */ = {isa = PBXFileReference; lastKnownFileType = sourcecode.swift; path = AppConfig.swift; sourceTree = "<group>"; };
		5E7A87142DE5FCF90081F300 /* AnimeServiceTests.swift */ = {isa = PBXFileReference; lastKnownFileType = sourcecode.swift; path = AnimeServiceTests.swift; sourceTree = "<group>"; };
		5E826D2A2DE5BF0D001CB223 /* RemoteAnime.swift */ = {isa = PBXFileReference; lastKnownFileType = sourcecode.swift; path = RemoteAnime.swift; sourceTree = "<group>"; };
		5E826D2C2DE5BF3F001CB223 /* Anime.swift */ = {isa = PBXFileReference; lastKnownFileType = sourcecode.swift; path = Anime.swift; sourceTree = "<group>"; };
		5E826D2F2DE5BFBC001CB223 /* AnimeAPI.swift */ = {isa = PBXFileReference; lastKnownFileType = sourcecode.swift; path = AnimeAPI.swift; sourceTree = "<group>"; };
		5E826D302DE5BFBC001CB223 /* APIClient+Anime.swift */ = {isa = PBXFileReference; lastKnownFileType = sourcecode.swift; path = "APIClient+Anime.swift"; sourceTree = "<group>"; };
		5E826D342DE5C03A001CB223 /* AnimeService.swift */ = {isa = PBXFileReference; lastKnownFileType = sourcecode.swift; path = AnimeService.swift; sourceTree = "<group>"; };
		5E826D352DE5C03A001CB223 /* AnimeServiceProtocol.swift */ = {isa = PBXFileReference; lastKnownFileType = sourcecode.swift; path = AnimeServiceProtocol.swift; sourceTree = "<group>"; };
		5E826D392DE5C3B8001CB223 /* AnimeCell.swift */ = {isa = PBXFileReference; lastKnownFileType = sourcecode.swift; path = AnimeCell.swift; sourceTree = "<group>"; };
		5E826D3A2DE5C3B8001CB223 /* AnimeCell.xib */ = {isa = PBXFileReference; lastKnownFileType = file.xib; path = AnimeCell.xib; sourceTree = "<group>"; };
		5E826D3B2DE5C3B8001CB223 /* AnimeCellViewModel.swift */ = {isa = PBXFileReference; lastKnownFileType = sourcecode.swift; path = AnimeCellViewModel.swift; sourceTree = "<group>"; };
		5E826D3C2DE5C3B8001CB223 /* AnimeCellViewModelProtocol.swift */ = {isa = PBXFileReference; lastKnownFileType = sourcecode.swift; path = AnimeCellViewModelProtocol.swift; sourceTree = "<group>"; };
		5E826D452DE5C88E001CB223 /* UITableView+ReusableCell.swift */ = {isa = PBXFileReference; lastKnownFileType = sourcecode.swift; path = "UITableView+ReusableCell.swift"; sourceTree = "<group>"; };
		5E826D472DE5C8B6001CB223 /* Resuable.swift */ = {isa = PBXFileReference; lastKnownFileType = sourcecode.swift; path = Resuable.swift; sourceTree = "<group>"; };
		5E826D492DE5CD79001CB223 /* AnimeDetails.storyboard */ = {isa = PBXFileReference; lastKnownFileType = file.storyboard; path = AnimeDetails.storyboard; sourceTree = "<group>"; };
		5E826D4A2DE5CD79001CB223 /* AnimeDetailsController.swift */ = {isa = PBXFileReference; lastKnownFileType = sourcecode.swift; path = AnimeDetailsController.swift; sourceTree = "<group>"; };
		5E826D4B2DE5CD79001CB223 /* AnimeDetailsViewModel.swift */ = {isa = PBXFileReference; lastKnownFileType = sourcecode.swift; path = AnimeDetailsViewModel.swift; sourceTree = "<group>"; };
		5E826D4C2DE5CD79001CB223 /* AnimeDetailsViewModelProtocol.swift */ = {isa = PBXFileReference; lastKnownFileType = sourcecode.swift; path = AnimeDetailsViewModelProtocol.swift; sourceTree = "<group>"; };
		5E826D522DE5F37C001CB223 /* HomeViewModelTests.swift */ = {isa = PBXFileReference; lastKnownFileType = sourcecode.swift; path = HomeViewModelTests.swift; sourceTree = "<group>"; };
		5E826D542DE5F5CF001CB223 /* Anime+Dummy.swift */ = {isa = PBXFileReference; lastKnownFileType = sourcecode.swift; path = "Anime+Dummy.swift"; sourceTree = "<group>"; };
		5E826D5B2DE5F6C1001CB223 /* MockAnimeService.swift */ = {isa = PBXFileReference; lastKnownFileType = sourcecode.swift; path = MockAnimeService.swift; sourceTree = "<group>"; };
		5E826D5D2DE5FB58001CB223 /* AnimeDetailsViewModelTests.swift */ = {isa = PBXFileReference; lastKnownFileType = sourcecode.swift; path = AnimeDetailsViewModelTests.swift; sourceTree = "<group>"; };
		5EE858F92DE601D100A04A2D /* MockAnimeAPI.swift */ = {isa = PBXFileReference; lastKnownFileType = sourcecode.swift; path = MockAnimeAPI.swift; sourceTree = "<group>"; };
/* End PBXFileReference section */

/* Begin PBXFrameworksBuildPhase section */
		5E47AC2C2DE341A4008B5F14 /* Frameworks */ = {
			isa = PBXFrameworksBuildPhase;
			buildActionMask = 2147483647;
			files = (
				5E826D432DE5C40A001CB223 /* Kingfisher in Frameworks */,
				5E47ACA92DE345C2008B5F14 /* Alamofire in Frameworks */,
			);
			runOnlyForDeploymentPostprocessing = 0;
		};
		5E47AC422DE341A5008B5F14 /* Frameworks */ = {
			isa = PBXFrameworksBuildPhase;
			buildActionMask = 2147483647;
			files = (
			);
			runOnlyForDeploymentPostprocessing = 0;
		};
		5E47AC4C2DE341A5008B5F14 /* Frameworks */ = {
			isa = PBXFrameworksBuildPhase;
			buildActionMask = 2147483647;
			files = (
			);
			runOnlyForDeploymentPostprocessing = 0;
		};
/* End PBXFrameworksBuildPhase section */

/* Begin PBXGroup section */
		5E47AC262DE341A4008B5F14 = {
			isa = PBXGroup;
			children = (
				5E47AC8D2DE3436C008B5F14 /* GlobeJSONFeed */,
				5E47AC972DE343AC008B5F14 /* GlobeJSONFeedTests */,
				5E47AC9B2DE343BB008B5F14 /* GlobeJSONFeedUITests */,
				5E47AC302DE341A4008B5F14 /* Products */,
			);
			sourceTree = "<group>";
		};
		5E47AC302DE341A4008B5F14 /* Products */ = {
			isa = PBXGroup;
			children = (
				5E47AC2F2DE341A4008B5F14 /* GlobeJSONFeed.app */,
				5E47AC452DE341A5008B5F14 /* GlobeJSONFeedTests.xctest */,
				5E47AC4F2DE341A5008B5F14 /* GlobeJSONFeedUITests.xctest */,
			);
			name = Products;
			sourceTree = "<group>";
		};
		5E47AC7D2DE3436C008B5F14 /* API */ = {
			isa = PBXGroup;
			children = (
				5E47ACA22DE344D3008B5F14 /* API.swift */,
			);
			path = API;
			sourceTree = "<group>";
		};
		5E47AC7E2DE3436C008B5F14 /* Core */ = {
			isa = PBXGroup;
			children = (
				5E47ACA02DE344B4008B5F14 /* APIError.swift */,
				5E47AC9E2DE3449D008B5F14 /* App.swift */,
				5E47AC7D2DE3436C008B5F14 /* API */,
			);
			path = Core;
			sourceTree = "<group>";
		};
		5E47AC7F2DE3436C008B5F14 /* Details */ = {
			isa = PBXGroup;
			children = (
				5E826D492DE5CD79001CB223 /* AnimeDetails.storyboard */,
				5E826D4A2DE5CD79001CB223 /* AnimeDetailsController.swift */,
				5E826D4B2DE5CD79001CB223 /* AnimeDetailsViewModel.swift */,
				5E826D4C2DE5CD79001CB223 /* AnimeDetailsViewModelProtocol.swift */,
			);
			path = Details;
			sourceTree = "<group>";
		};
		5E47AC842DE3436C008B5F14 /* Main */ = {
			isa = PBXGroup;
			children = (
				5E47AC802DE3436C008B5F14 /* Home.storyboard */,
				5E47AC812DE3436C008B5F14 /* HomeController.swift */,
				5E47AC822DE3436C008B5F14 /* HomeViewModel.swift */,
				5E47AC832DE3436C008B5F14 /* HomeViewModelProtocol.swift */,
			);
			path = Main;
			sourceTree = "<group>";
		};
		5E47AC852DE3436C008B5F14 /* UI */ = {
			isa = PBXGroup;
			children = (
				5E826D202DE5B7CD001CB223 /* Components */,
				5E826D212DE5B7CD001CB223 /* Scenes */,
			);
			path = UI;
			sourceTree = "<group>";
		};
		5E47AC862DE3436C008B5F14 /* Home */ = {
			isa = PBXGroup;
			children = (
				5E826D0A2DE477BE001CB223 /* Models */,
				5E826D012DE34C10001CB223 /* Clients */,
				5E826D032DE34C10001CB223 /* Services */,
				5E47AC852DE3436C008B5F14 /* UI */,
			);
			path = Home;
			sourceTree = "<group>";
		};
		5E47AC872DE3436C008B5F14 /* Modules */ = {
			isa = PBXGroup;
			children = (
				5E47AC7E2DE3436C008B5F14 /* Core */,
				5E47AC862DE3436C008B5F14 /* Home */,
			);
			path = Modules;
			sourceTree = "<group>";
		};
		5E47AC8D2DE3436C008B5F14 /* GlobeJSONFeed */ = {
			isa = PBXGroup;
			children = (
				5E47ACA42DE3452B008B5F14 /* Config */,
				5E826D442DE5C885001CB223 /* Extensions */,
				5E47AC872DE3436C008B5F14 /* Modules */,
				5E47AC882DE3436C008B5F14 /* AppDelegate.swift */,
				5E47AC892DE3436C008B5F14 /* Assets.xcassets */,
				5E47AC8A2DE3436C008B5F14 /* Info.plist */,
				5E47AC8C2DE3436C008B5F14 /* LaunchScreen.storyboard */,
			);
			path = GlobeJSONFeed;
			sourceTree = "<group>";
		};
		5E47AC972DE343AC008B5F14 /* GlobeJSONFeedTests */ = {
			isa = PBXGroup;
			children = (
				5E826D582DE5F690001CB223 /* Clients */,
				5E826D5A2DE5F690001CB223 /* Service */,
				5E826D542DE5F5CF001CB223 /* Anime+Dummy.swift */,
				5E826D5D2DE5FB58001CB223 /* AnimeDetailsViewModelTests.swift */,
				5E826D522DE5F37C001CB223 /* HomeViewModelTests.swift */,
			);
			path = GlobeJSONFeedTests;
			sourceTree = "<group>";
		};
		5E47AC9B2DE343BB008B5F14 /* GlobeJSONFeedUITests */ = {
			isa = PBXGroup;
			children = (
				5E47AC992DE343BB008B5F14 /* GlobeJSONFeedUITests.swift */,
				5E47AC9A2DE343BB008B5F14 /* GlobeJSONFeedUITestsLaunchTests.swift */,
			);
			path = GlobeJSONFeedUITests;
			sourceTree = "<group>";
		};
		5E47ACA42DE3452B008B5F14 /* Config */ = {
			isa = PBXGroup;
			children = (
				5E47ACA52DE3453A008B5F14 /* AppConfig.swift */,
			);
			path = Config;
			sourceTree = "<group>";
		};
		5E826D002DE34C10001CB223 /* API */ = {
			isa = PBXGroup;
			children = (
				5E826D2E2DE5BFAC001CB223 /* Anime */,
			);
			path = API;
			sourceTree = "<group>";
		};
		5E826D012DE34C10001CB223 /* Clients */ = {
			isa = PBXGroup;
			children = (
				5E826D002DE34C10001CB223 /* API */,
			);
			path = Clients;
			sourceTree = "<group>";
		};
		5E826D032DE34C10001CB223 /* Services */ = {
			isa = PBXGroup;
			children = (
				5E826D332DE5C02B001CB223 /* Anime */,
			);
			path = Services;
			sourceTree = "<group>";
		};
		5E826D082DE477BE001CB223 /* Domain */ = {
			isa = PBXGroup;
			children = (
				5E826D2C2DE5BF3F001CB223 /* Anime.swift */,
			);
			path = Domain;
			sourceTree = "<group>";
		};
		5E826D092DE477BE001CB223 /* Remote */ = {
			isa = PBXGroup;
			children = (
				5E826D2A2DE5BF0D001CB223 /* RemoteAnime.swift */,
			);
			path = Remote;
			sourceTree = "<group>";
		};
		5E826D0A2DE477BE001CB223 /* Models */ = {
			isa = PBXGroup;
			children = (
				5E826D082DE477BE001CB223 /* Domain */,
				5E826D092DE477BE001CB223 /* Remote */,
			);
			path = Models;
			sourceTree = "<group>";
		};
		5E826D1F2DE5B7CD001CB223 /* Cells */ = {
			isa = PBXGroup;
			children = (
				5E826D382DE5C3A6001CB223 /* Anime */,
			);
			path = Cells;
			sourceTree = "<group>";
		};
		5E826D202DE5B7CD001CB223 /* Components */ = {
			isa = PBXGroup;
			children = (
				5E826D1F2DE5B7CD001CB223 /* Cells */,
			);
			path = Components;
			sourceTree = "<group>";
		};
		5E826D212DE5B7CD001CB223 /* Scenes */ = {
			isa = PBXGroup;
			children = (
				5E47AC7F2DE3436C008B5F14 /* Details */,
				5E47AC842DE3436C008B5F14 /* Main */,
			);
			path = Scenes;
			sourceTree = "<group>";
		};
		5E826D2E2DE5BFAC001CB223 /* Anime */ = {
			isa = PBXGroup;
			children = (
				5E826D2F2DE5BFBC001CB223 /* AnimeAPI.swift */,
				5E826D302DE5BFBC001CB223 /* APIClient+Anime.swift */,
			);
			path = Anime;
			sourceTree = "<group>";
		};
		5E826D332DE5C02B001CB223 /* Anime */ = {
			isa = PBXGroup;
			children = (
				5E826D342DE5C03A001CB223 /* AnimeService.swift */,
				5E826D352DE5C03A001CB223 /* AnimeServiceProtocol.swift */,
			);
			path = Anime;
			sourceTree = "<group>";
		};
		5E826D382DE5C3A6001CB223 /* Anime */ = {
			isa = PBXGroup;
			children = (
				5E826D3A2DE5C3B8001CB223 /* AnimeCell.xib */,
				5E826D392DE5C3B8001CB223 /* AnimeCell.swift */,
				5E826D3B2DE5C3B8001CB223 /* AnimeCellViewModel.swift */,
				5E826D3C2DE5C3B8001CB223 /* AnimeCellViewModelProtocol.swift */,
			);
			path = Anime;
			sourceTree = "<group>";
		};
		5E826D442DE5C885001CB223 /* Extensions */ = {
			isa = PBXGroup;
			children = (
				5E826D472DE5C8B6001CB223 /* Resuable.swift */,
				5E826D452DE5C88E001CB223 /* UITableView+ReusableCell.swift */,
			);
			path = Extensions;
			sourceTree = "<group>";
		};
		5E826D562DE5F690001CB223 /* Anime */ = {
			isa = PBXGroup;
			children = (
				5EE858F92DE601D100A04A2D /* MockAnimeAPI.swift */,
			);
			path = Anime;
			sourceTree = "<group>";
		};
		5E826D572DE5F690001CB223 /* API */ = {
			isa = PBXGroup;
			children = (
				5E826D562DE5F690001CB223 /* Anime */,
			);
			path = API;
			sourceTree = "<group>";
		};
		5E826D582DE5F690001CB223 /* Clients */ = {
			isa = PBXGroup;
			children = (
				5E826D572DE5F690001CB223 /* API */,
			);
			path = Clients;
			sourceTree = "<group>";
		};
		5E826D592DE5F690001CB223 /* Anime */ = {
			isa = PBXGroup;
			children = (
				5E7A87142DE5FCF90081F300 /* AnimeServiceTests.swift */,
				5E826D5B2DE5F6C1001CB223 /* MockAnimeService.swift */,
			);
			path = Anime;
			sourceTree = "<group>";
		};
		5E826D5A2DE5F690001CB223 /* Service */ = {
			isa = PBXGroup;
			children = (
				5E826D592DE5F690001CB223 /* Anime */,
			);
			path = Service;
			sourceTree = "<group>";
		};
/* End PBXGroup section */

/* Begin PBXNativeTarget section */
		5E47AC2E2DE341A4008B5F14 /* GlobeJSONFeed */ = {
			isa = PBXNativeTarget;
			buildConfigurationList = 5E47AC582DE341A5008B5F14 /* Build configuration list for PBXNativeTarget "GlobeJSONFeed" */;
			buildPhases = (
				5E47AC2B2DE341A4008B5F14 /* Sources */,
				5E47AC2C2DE341A4008B5F14 /* Frameworks */,
				5E47AC2D2DE341A4008B5F14 /* Resources */,
			);
			buildRules = (
			);
			dependencies = (
			);
			name = GlobeJSONFeed;
			packageProductDependencies = (
				5E47ACA82DE345C2008B5F14 /* Alamofire */,
				5E826D422DE5C40A001CB223 /* Kingfisher */,
			);
			productName = GlobeJSONFeed;
			productReference = 5E47AC2F2DE341A4008B5F14 /* GlobeJSONFeed.app */;
			productType = "com.apple.product-type.application";
		};
		5E47AC442DE341A5008B5F14 /* GlobeJSONFeedTests */ = {
			isa = PBXNativeTarget;
			buildConfigurationList = 5E47AC5D2DE341A5008B5F14 /* Build configuration list for PBXNativeTarget "GlobeJSONFeedTests" */;
			buildPhases = (
				5E47AC412DE341A5008B5F14 /* Sources */,
				5E47AC422DE341A5008B5F14 /* Frameworks */,
				5E47AC432DE341A5008B5F14 /* Resources */,
			);
			buildRules = (
			);
			dependencies = (
				5E47AC472DE341A5008B5F14 /* PBXTargetDependency */,
			);
			name = GlobeJSONFeedTests;
			packageProductDependencies = (
			);
			productName = GlobeJSONFeedTests;
			productReference = 5E47AC452DE341A5008B5F14 /* GlobeJSONFeedTests.xctest */;
			productType = "com.apple.product-type.bundle.unit-test";
		};
		5E47AC4E2DE341A5008B5F14 /* GlobeJSONFeedUITests */ = {
			isa = PBXNativeTarget;
			buildConfigurationList = 5E47AC602DE341A5008B5F14 /* Build configuration list for PBXNativeTarget "GlobeJSONFeedUITests" */;
			buildPhases = (
				5E47AC4B2DE341A5008B5F14 /* Sources */,
				5E47AC4C2DE341A5008B5F14 /* Frameworks */,
				5E47AC4D2DE341A5008B5F14 /* Resources */,
			);
			buildRules = (
			);
			dependencies = (
				5E47AC512DE341A5008B5F14 /* PBXTargetDependency */,
			);
			name = GlobeJSONFeedUITests;
			packageProductDependencies = (
			);
			productName = GlobeJSONFeedUITests;
			productReference = 5E47AC4F2DE341A5008B5F14 /* GlobeJSONFeedUITests.xctest */;
			productType = "com.apple.product-type.bundle.ui-testing";
		};
/* End PBXNativeTarget section */

/* Begin PBXProject section */
		5E47AC272DE341A4008B5F14 /* Project object */ = {
			isa = PBXProject;
			attributes = {
				BuildIndependentTargetsInParallel = 1;
				LastSwiftUpdateCheck = 1620;
				LastUpgradeCheck = 1620;
				TargetAttributes = {
					5E47AC2E2DE341A4008B5F14 = {
						CreatedOnToolsVersion = 16.2;
					};
					5E47AC442DE341A5008B5F14 = {
						CreatedOnToolsVersion = 16.2;
						TestTargetID = 5E47AC2E2DE341A4008B5F14;
					};
					5E47AC4E2DE341A5008B5F14 = {
						CreatedOnToolsVersion = 16.2;
						TestTargetID = 5E47AC2E2DE341A4008B5F14;
					};
				};
			};
			buildConfigurationList = 5E47AC2A2DE341A4008B5F14 /* Build configuration list for PBXProject "GlobeJSONFeed" */;
			developmentRegion = en;
			hasScannedForEncodings = 0;
			knownRegions = (
				en,
				Base,
			);
			mainGroup = 5E47AC262DE341A4008B5F14;
			minimizedProjectReferenceProxies = 1;
			packageReferences = (
				5E47ACA72DE345C2008B5F14 /* XCRemoteSwiftPackageReference "Alamofire" */,
				5E826D412DE5C40A001CB223 /* XCRemoteSwiftPackageReference "Kingfisher" */,
			);
			preferredProjectObjectVersion = 77;
			productRefGroup = 5E47AC302DE341A4008B5F14 /* Products */;
			projectDirPath = "";
			projectRoot = "";
			targets = (
				5E47AC2E2DE341A4008B5F14 /* GlobeJSONFeed */,
				5E47AC442DE341A5008B5F14 /* GlobeJSONFeedTests */,
				5E47AC4E2DE341A5008B5F14 /* GlobeJSONFeedUITests */,
			);
		};
/* End PBXProject section */

/* Begin PBXResourcesBuildPhase section */
		5E47AC2D2DE341A4008B5F14 /* Resources */ = {
			isa = PBXResourcesBuildPhase;
			buildActionMask = 2147483647;
			files = (
				5E47AC922DE3436C008B5F14 /* Assets.xcassets in Resources */,
				5E826D4D2DE5CD79001CB223 /* AnimeDetails.storyboard in Resources */,
				5E47AC932DE3436C008B5F14 /* Home.storyboard in Resources */,
				5E826D3D2DE5C3B8001CB223 /* AnimeCell.xib in Resources */,
				5E47AC952DE3436C008B5F14 /* LaunchScreen.storyboard in Resources */,
			);
			runOnlyForDeploymentPostprocessing = 0;
		};
		5E47AC432DE341A5008B5F14 /* Resources */ = {
			isa = PBXResourcesBuildPhase;
			buildActionMask = 2147483647;
			files = (
			);
			runOnlyForDeploymentPostprocessing = 0;
		};
		5E47AC4D2DE341A5008B5F14 /* Resources */ = {
			isa = PBXResourcesBuildPhase;
			buildActionMask = 2147483647;
			files = (
			);
			runOnlyForDeploymentPostprocessing = 0;
		};
/* End PBXResourcesBuildPhase section */

/* Begin PBXSourcesBuildPhase section */
		5E47AC2B2DE341A4008B5F14 /* Sources */ = {
			isa = PBXSourcesBuildPhase;
			buildActionMask = 2147483647;
			files = (
				5E47AC8E2DE3436C008B5F14 /* HomeViewModelProtocol.swift in Sources */,
				5E47ACA62DE3453E008B5F14 /* AppConfig.swift in Sources */,
				5E47AC8F2DE3436C008B5F14 /* HomeController.swift in Sources */,
				5E47AC902DE3436C008B5F14 /* HomeViewModel.swift in Sources */,
				5E47AC9F2DE3449F008B5F14 /* App.swift in Sources */,
				5E826D2D2DE5BF41001CB223 /* Anime.swift in Sources */,
				5E826D312DE5BFBC001CB223 /* AnimeAPI.swift in Sources */,
				5E826D362DE5C03A001CB223 /* AnimeService.swift in Sources */,
				5E826D3E2DE5C3B8001CB223 /* AnimeCell.swift in Sources */,
				5E826D3F2DE5C3B8001CB223 /* AnimeCellViewModel.swift in Sources */,
				5E826D402DE5C3B8001CB223 /* AnimeCellViewModelProtocol.swift in Sources */,
				5E826D372DE5C03A001CB223 /* AnimeServiceProtocol.swift in Sources */,
				5E826D322DE5BFBC001CB223 /* APIClient+Anime.swift in Sources */,
				5E826D4E2DE5CD79001CB223 /* AnimeDetailsViewModelProtocol.swift in Sources */,
				5E826D4F2DE5CD79001CB223 /* AnimeDetailsViewModel.swift in Sources */,
				5E826D502DE5CD79001CB223 /* AnimeDetailsController.swift in Sources */,
				5E826D2B2DE5BF12001CB223 /* RemoteAnime.swift in Sources */,
				5E826D482DE5C8B8001CB223 /* Resuable.swift in Sources */,
				5E47AC912DE3436C008B5F14 /* AppDelegate.swift in Sources */,
				5E47ACA12DE344B8008B5F14 /* APIError.swift in Sources */,
				5E826D462DE5C897001CB223 /* UITableView+ReusableCell.swift in Sources */,
				5E47ACA32DE344D5008B5F14 /* API.swift in Sources */,
			);
			runOnlyForDeploymentPostprocessing = 0;
		};
		5E47AC412DE341A5008B5F14 /* Sources */ = {
			isa = PBXSourcesBuildPhase;
			buildActionMask = 2147483647;
			files = (
				5E7A87152DE5FD000081F300 /* AnimeServiceTests.swift in Sources */,
				5E826D5E2DE5FB5B001CB223 /* AnimeDetailsViewModelTests.swift in Sources */,
				5E826D552DE5F5D6001CB223 /* Anime+Dummy.swift in Sources */,
				5E826D5C2DE5F6C7001CB223 /* MockAnimeService.swift in Sources */,
				5E826D532DE5F384001CB223 /* HomeViewModelTests.swift in Sources */,
				5EE858FA2DE601DB00A04A2D /* MockAnimeAPI.swift in Sources */,
			);
			runOnlyForDeploymentPostprocessing = 0;
		};
		5E47AC4B2DE341A5008B5F14 /* Sources */ = {
			isa = PBXSourcesBuildPhase;
			buildActionMask = 2147483647;
			files = (
				5E47AC9C2DE343BB008B5F14 /* GlobeJSONFeedUITests.swift in Sources */,
				5E47AC9D2DE343BB008B5F14 /* GlobeJSONFeedUITestsLaunchTests.swift in Sources */,
			);
			runOnlyForDeploymentPostprocessing = 0;
		};
/* End PBXSourcesBuildPhase section */

/* Begin PBXTargetDependency section */
		5E47AC472DE341A5008B5F14 /* PBXTargetDependency */ = {
			isa = PBXTargetDependency;
			target = 5E47AC2E2DE341A4008B5F14 /* GlobeJSONFeed */;
			targetProxy = 5E47AC462DE341A5008B5F14 /* PBXContainerItemProxy */;
		};
		5E47AC512DE341A5008B5F14 /* PBXTargetDependency */ = {
			isa = PBXTargetDependency;
			target = 5E47AC2E2DE341A4008B5F14 /* GlobeJSONFeed */;
			targetProxy = 5E47AC502DE341A5008B5F14 /* PBXContainerItemProxy */;
		};
/* End PBXTargetDependency section */

/* Begin PBXVariantGroup section */
		5E47AC8C2DE3436C008B5F14 /* LaunchScreen.storyboard */ = {
			isa = PBXVariantGroup;
			children = (
				5E47AC8B2DE3436C008B5F14 /* Base */,
			);
			name = LaunchScreen.storyboard;
			sourceTree = "<group>";
		};
/* End PBXVariantGroup section */

/* Begin XCBuildConfiguration section */
		5E47AC592DE341A5008B5F14 /* Debug */ = {
			isa = XCBuildConfiguration;
			buildSettings = {
				ASSETCATALOG_COMPILER_APPICON_NAME = AppIcon;
				ASSETCATALOG_COMPILER_GLOBAL_ACCENT_COLOR_NAME = AccentColor;
				CODE_SIGN_STYLE = Automatic;
				CURRENT_PROJECT_VERSION = 1;
				GENERATE_INFOPLIST_FILE = YES;
				INFOPLIST_FILE = GlobeJSONFeed/Info.plist;
				INFOPLIST_KEY_UIApplicationSupportsIndirectInputEvents = YES;
				INFOPLIST_KEY_UILaunchStoryboardName = LaunchScreen;
				INFOPLIST_KEY_UIMainStoryboardFile = Home;
				INFOPLIST_KEY_UISupportedInterfaceOrientations_iPad = "UIInterfaceOrientationPortrait UIInterfaceOrientationPortraitUpsideDown UIInterfaceOrientationLandscapeLeft UIInterfaceOrientationLandscapeRight";
				INFOPLIST_KEY_UISupportedInterfaceOrientations_iPhone = "UIInterfaceOrientationPortrait UIInterfaceOrientationLandscapeLeft UIInterfaceOrientationLandscapeRight";
				LD_RUNPATH_SEARCH_PATHS = (
					"$(inherited)",
					"@executable_path/Frameworks",
				);
				MARKETING_VERSION = 1.0;
				PRODUCT_BUNDLE_IDENTIFIER = "com.dumadapat.adonis.globe-json.GlobeJSONFeed";
				PRODUCT_NAME = "$(TARGET_NAME)";
				SWIFT_EMIT_LOC_STRINGS = YES;
				SWIFT_VERSION = 5.0;
				TARGETED_DEVICE_FAMILY = "1,2";
			};
			name = Debug;
		};
		5E47AC5A2DE341A5008B5F14 /* Release */ = {
			isa = XCBuildConfiguration;
			buildSettings = {
				ASSETCATALOG_COMPILER_APPICON_NAME = AppIcon;
				ASSETCATALOG_COMPILER_GLOBAL_ACCENT_COLOR_NAME = AccentColor;
				CODE_SIGN_STYLE = Automatic;
				CURRENT_PROJECT_VERSION = 1;
				GENERATE_INFOPLIST_FILE = YES;
				INFOPLIST_FILE = GlobeJSONFeed/Info.plist;
				INFOPLIST_KEY_UIApplicationSupportsIndirectInputEvents = YES;
				INFOPLIST_KEY_UILaunchStoryboardName = LaunchScreen;
				INFOPLIST_KEY_UIMainStoryboardFile = Home;
				INFOPLIST_KEY_UISupportedInterfaceOrientations_iPad = "UIInterfaceOrientationPortrait UIInterfaceOrientationPortraitUpsideDown UIInterfaceOrientationLandscapeLeft UIInterfaceOrientationLandscapeRight";
				INFOPLIST_KEY_UISupportedInterfaceOrientations_iPhone = "UIInterfaceOrientationPortrait UIInterfaceOrientationLandscapeLeft UIInterfaceOrientationLandscapeRight";
				LD_RUNPATH_SEARCH_PATHS = (
					"$(inherited)",
					"@executable_path/Frameworks",
				);
				MARKETING_VERSION = 1.0;
				PRODUCT_BUNDLE_IDENTIFIER = "com.dumadapat.adonis.globe-json.GlobeJSONFeed";
				PRODUCT_NAME = "$(TARGET_NAME)";
				SWIFT_EMIT_LOC_STRINGS = YES;
				SWIFT_VERSION = 5.0;
				TARGETED_DEVICE_FAMILY = "1,2";
			};
			name = Release;
		};
		5E47AC5B2DE341A5008B5F14 /* Debug */ = {
			isa = XCBuildConfiguration;
			buildSettings = {
				ALWAYS_SEARCH_USER_PATHS = NO;
				ASSETCATALOG_COMPILER_GENERATE_SWIFT_ASSET_SYMBOL_EXTENSIONS = YES;
				CLANG_ANALYZER_NONNULL = YES;
				CLANG_ANALYZER_NUMBER_OBJECT_CONVERSION = YES_AGGRESSIVE;
				CLANG_CXX_LANGUAGE_STANDARD = "gnu++20";
				CLANG_ENABLE_MODULES = YES;
				CLANG_ENABLE_OBJC_ARC = YES;
				CLANG_ENABLE_OBJC_WEAK = YES;
				CLANG_WARN_BLOCK_CAPTURE_AUTORELEASING = YES;
				CLANG_WARN_BOOL_CONVERSION = YES;
				CLANG_WARN_COMMA = YES;
				CLANG_WARN_CONSTANT_CONVERSION = YES;
				CLANG_WARN_DEPRECATED_OBJC_IMPLEMENTATIONS = YES;
				CLANG_WARN_DIRECT_OBJC_ISA_USAGE = YES_ERROR;
				CLANG_WARN_DOCUMENTATION_COMMENTS = YES;
				CLANG_WARN_EMPTY_BODY = YES;
				CLANG_WARN_ENUM_CONVERSION = YES;
				CLANG_WARN_INFINITE_RECURSION = YES;
				CLANG_WARN_INT_CONVERSION = YES;
				CLANG_WARN_NON_LITERAL_NULL_CONVERSION = YES;
				CLANG_WARN_OBJC_IMPLICIT_RETAIN_SELF = YES;
				CLANG_WARN_OBJC_LITERAL_CONVERSION = YES;
				CLANG_WARN_OBJC_ROOT_CLASS = YES_ERROR;
				CLANG_WARN_QUOTED_INCLUDE_IN_FRAMEWORK_HEADER = YES;
				CLANG_WARN_RANGE_LOOP_ANALYSIS = YES;
				CLANG_WARN_STRICT_PROTOTYPES = YES;
				CLANG_WARN_SUSPICIOUS_MOVE = YES;
				CLANG_WARN_UNGUARDED_AVAILABILITY = YES_AGGRESSIVE;
				CLANG_WARN_UNREACHABLE_CODE = YES;
				CLANG_WARN__DUPLICATE_METHOD_MATCH = YES;
				COPY_PHASE_STRIP = NO;
				DEBUG_INFORMATION_FORMAT = dwarf;
				ENABLE_STRICT_OBJC_MSGSEND = YES;
				ENABLE_TESTABILITY = YES;
				ENABLE_USER_SCRIPT_SANDBOXING = YES;
				GCC_C_LANGUAGE_STANDARD = gnu17;
				GCC_DYNAMIC_NO_PIC = NO;
				GCC_NO_COMMON_BLOCKS = YES;
				GCC_OPTIMIZATION_LEVEL = 0;
				GCC_PREPROCESSOR_DEFINITIONS = (
					"DEBUG=1",
					"$(inherited)",
				);
				GCC_WARN_64_TO_32_BIT_CONVERSION = YES;
				GCC_WARN_ABOUT_RETURN_TYPE = YES_ERROR;
				GCC_WARN_UNDECLARED_SELECTOR = YES;
				GCC_WARN_UNINITIALIZED_AUTOS = YES_AGGRESSIVE;
				GCC_WARN_UNUSED_FUNCTION = YES;
				GCC_WARN_UNUSED_VARIABLE = YES;
				IPHONEOS_DEPLOYMENT_TARGET = 18.2;
				LOCALIZATION_PREFERS_STRING_CATALOGS = YES;
				MTL_ENABLE_DEBUG_INFO = INCLUDE_SOURCE;
				MTL_FAST_MATH = YES;
				ONLY_ACTIVE_ARCH = YES;
				SDKROOT = iphoneos;
				SWIFT_ACTIVE_COMPILATION_CONDITIONS = "DEBUG $(inherited)";
				SWIFT_OPTIMIZATION_LEVEL = "-Onone";
			};
			name = Debug;
		};
		5E47AC5C2DE341A5008B5F14 /* Release */ = {
			isa = XCBuildConfiguration;
			buildSettings = {
				ALWAYS_SEARCH_USER_PATHS = NO;
				ASSETCATALOG_COMPILER_GENERATE_SWIFT_ASSET_SYMBOL_EXTENSIONS = YES;
				CLANG_ANALYZER_NONNULL = YES;
				CLANG_ANALYZER_NUMBER_OBJECT_CONVERSION = YES_AGGRESSIVE;
				CLANG_CXX_LANGUAGE_STANDARD = "gnu++20";
				CLANG_ENABLE_MODULES = YES;
				CLANG_ENABLE_OBJC_ARC = YES;
				CLANG_ENABLE_OBJC_WEAK = YES;
				CLANG_WARN_BLOCK_CAPTURE_AUTORELEASING = YES;
				CLANG_WARN_BOOL_CONVERSION = YES;
				CLANG_WARN_COMMA = YES;
				CLANG_WARN_CONSTANT_CONVERSION = YES;
				CLANG_WARN_DEPRECATED_OBJC_IMPLEMENTATIONS = YES;
				CLANG_WARN_DIRECT_OBJC_ISA_USAGE = YES_ERROR;
				CLANG_WARN_DOCUMENTATION_COMMENTS = YES;
				CLANG_WARN_EMPTY_BODY = YES;
				CLANG_WARN_ENUM_CONVERSION = YES;
				CLANG_WARN_INFINITE_RECURSION = YES;
				CLANG_WARN_INT_CONVERSION = YES;
				CLANG_WARN_NON_LITERAL_NULL_CONVERSION = YES;
				CLANG_WARN_OBJC_IMPLICIT_RETAIN_SELF = YES;
				CLANG_WARN_OBJC_LITERAL_CONVERSION = YES;
				CLANG_WARN_OBJC_ROOT_CLASS = YES_ERROR;
				CLANG_WARN_QUOTED_INCLUDE_IN_FRAMEWORK_HEADER = YES;
				CLANG_WARN_RANGE_LOOP_ANALYSIS = YES;
				CLANG_WARN_STRICT_PROTOTYPES = YES;
				CLANG_WARN_SUSPICIOUS_MOVE = YES;
				CLANG_WARN_UNGUARDED_AVAILABILITY = YES_AGGRESSIVE;
				CLANG_WARN_UNREACHABLE_CODE = YES;
				CLANG_WARN__DUPLICATE_METHOD_MATCH = YES;
				COPY_PHASE_STRIP = NO;
				DEBUG_INFORMATION_FORMAT = "dwarf-with-dsym";
				ENABLE_NS_ASSERTIONS = NO;
				ENABLE_STRICT_OBJC_MSGSEND = YES;
				ENABLE_USER_SCRIPT_SANDBOXING = YES;
				GCC_C_LANGUAGE_STANDARD = gnu17;
				GCC_NO_COMMON_BLOCKS = YES;
				GCC_WARN_64_TO_32_BIT_CONVERSION = YES;
				GCC_WARN_ABOUT_RETURN_TYPE = YES_ERROR;
				GCC_WARN_UNDECLARED_SELECTOR = YES;
				GCC_WARN_UNINITIALIZED_AUTOS = YES_AGGRESSIVE;
				GCC_WARN_UNUSED_FUNCTION = YES;
				GCC_WARN_UNUSED_VARIABLE = YES;
				IPHONEOS_DEPLOYMENT_TARGET = 18.2;
				LOCALIZATION_PREFERS_STRING_CATALOGS = YES;
				MTL_ENABLE_DEBUG_INFO = NO;
				MTL_FAST_MATH = YES;
				SDKROOT = iphoneos;
				SWIFT_COMPILATION_MODE = wholemodule;
				VALIDATE_PRODUCT = YES;
			};
			name = Release;
		};
		5E47AC5E2DE341A5008B5F14 /* Debug */ = {
			isa = XCBuildConfiguration;
			buildSettings = {
				BUNDLE_LOADER = "$(TEST_HOST)";
				CODE_SIGN_STYLE = Automatic;
				CURRENT_PROJECT_VERSION = 1;
				GENERATE_INFOPLIST_FILE = YES;
				IPHONEOS_DEPLOYMENT_TARGET = 18.2;
				MARKETING_VERSION = 1.0;
				PRODUCT_BUNDLE_IDENTIFIER = "com.dumadapat.adonis.globe-json.GlobeJSONFeedTests";
				PRODUCT_NAME = "$(TARGET_NAME)";
				SWIFT_EMIT_LOC_STRINGS = NO;
				SWIFT_VERSION = 5.0;
				TARGETED_DEVICE_FAMILY = "1,2";
				TEST_HOST = "$(BUILT_PRODUCTS_DIR)/GlobeJSONFeed.app/$(BUNDLE_EXECUTABLE_FOLDER_PATH)/GlobeJSONFeed";
			};
			name = Debug;
		};
		5E47AC5F2DE341A5008B5F14 /* Release */ = {
			isa = XCBuildConfiguration;
			buildSettings = {
				BUNDLE_LOADER = "$(TEST_HOST)";
				CODE_SIGN_STYLE = Automatic;
				CURRENT_PROJECT_VERSION = 1;
				GENERATE_INFOPLIST_FILE = YES;
				IPHONEOS_DEPLOYMENT_TARGET = 18.2;
				MARKETING_VERSION = 1.0;
				PRODUCT_BUNDLE_IDENTIFIER = "com.dumadapat.adonis.globe-json.GlobeJSONFeedTests";
				PRODUCT_NAME = "$(TARGET_NAME)";
				SWIFT_EMIT_LOC_STRINGS = NO;
				SWIFT_VERSION = 5.0;
				TARGETED_DEVICE_FAMILY = "1,2";
				TEST_HOST = "$(BUILT_PRODUCTS_DIR)/GlobeJSONFeed.app/$(BUNDLE_EXECUTABLE_FOLDER_PATH)/GlobeJSONFeed";
			};
			name = Release;
		};
		5E47AC612DE341A5008B5F14 /* Debug */ = {
			isa = XCBuildConfiguration;
			buildSettings = {
				CODE_SIGN_STYLE = Automatic;
				CURRENT_PROJECT_VERSION = 1;
				GENERATE_INFOPLIST_FILE = YES;
				MARKETING_VERSION = 1.0;
				PRODUCT_BUNDLE_IDENTIFIER = "com.dumadapat.adonis.globe-json.GlobeJSONFeedUITests";
				PRODUCT_NAME = "$(TARGET_NAME)";
				SWIFT_EMIT_LOC_STRINGS = NO;
				SWIFT_VERSION = 5.0;
				TARGETED_DEVICE_FAMILY = "1,2";
				TEST_TARGET_NAME = GlobeJSONFeed;
			};
			name = Debug;
		};
		5E47AC622DE341A5008B5F14 /* Release */ = {
			isa = XCBuildConfiguration;
			buildSettings = {
				CODE_SIGN_STYLE = Automatic;
				CURRENT_PROJECT_VERSION = 1;
				GENERATE_INFOPLIST_FILE = YES;
				MARKETING_VERSION = 1.0;
				PRODUCT_BUNDLE_IDENTIFIER = "com.dumadapat.adonis.globe-json.GlobeJSONFeedUITests";
				PRODUCT_NAME = "$(TARGET_NAME)";
				SWIFT_EMIT_LOC_STRINGS = NO;
				SWIFT_VERSION = 5.0;
				TARGETED_DEVICE_FAMILY = "1,2";
				TEST_TARGET_NAME = GlobeJSONFeed;
			};
			name = Release;
		};
/* End XCBuildConfiguration section */

/* Begin XCConfigurationList section */
		5E47AC2A2DE341A4008B5F14 /* Build configuration list for PBXProject "GlobeJSONFeed" */ = {
			isa = XCConfigurationList;
			buildConfigurations = (
				5E47AC5B2DE341A5008B5F14 /* Debug */,
				5E47AC5C2DE341A5008B5F14 /* Release */,
			);
			defaultConfigurationIsVisible = 0;
			defaultConfigurationName = Release;
		};
		5E47AC582DE341A5008B5F14 /* Build configuration list for PBXNativeTarget "GlobeJSONFeed" */ = {
			isa = XCConfigurationList;
			buildConfigurations = (
				5E47AC592DE341A5008B5F14 /* Debug */,
				5E47AC5A2DE341A5008B5F14 /* Release */,
			);
			defaultConfigurationIsVisible = 0;
			defaultConfigurationName = Release;
		};
		5E47AC5D2DE341A5008B5F14 /* Build configuration list for PBXNativeTarget "GlobeJSONFeedTests" */ = {
			isa = XCConfigurationList;
			buildConfigurations = (
				5E47AC5E2DE341A5008B5F14 /* Debug */,
				5E47AC5F2DE341A5008B5F14 /* Release */,
			);
			defaultConfigurationIsVisible = 0;
			defaultConfigurationName = Release;
		};
		5E47AC602DE341A5008B5F14 /* Build configuration list for PBXNativeTarget "GlobeJSONFeedUITests" */ = {
			isa = XCConfigurationList;
			buildConfigurations = (
				5E47AC612DE341A5008B5F14 /* Debug */,
				5E47AC622DE341A5008B5F14 /* Release */,
			);
			defaultConfigurationIsVisible = 0;
			defaultConfigurationName = Release;
		};
/* End XCConfigurationList section */

/* Begin XCRemoteSwiftPackageReference section */
		5E47ACA72DE345C2008B5F14 /* XCRemoteSwiftPackageReference "Alamofire" */ = {
			isa = XCRemoteSwiftPackageReference;
			repositoryURL = "https://github.com/Alamofire/Alamofire";
			requirement = {
				kind = upToNextMajorVersion;
				minimumVersion = 5.9.1;
			};
		};
		5E826D412DE5C40A001CB223 /* XCRemoteSwiftPackageReference "Kingfisher" */ = {
			isa = XCRemoteSwiftPackageReference;
			repositoryURL = "https://github.com/onevcat/Kingfisher.git";
			requirement = {
				kind = upToNextMajorVersion;
				minimumVersion = 8.3.2;
			};
		};
/* End XCRemoteSwiftPackageReference section */

/* Begin XCSwiftPackageProductDependency section */
		5E47ACA82DE345C2008B5F14 /* Alamofire */ = {
			isa = XCSwiftPackageProductDependency;
			package = 5E47ACA72DE345C2008B5F14 /* XCRemoteSwiftPackageReference "Alamofire" */;
			productName = Alamofire;
		};
		5E826D422DE5C40A001CB223 /* Kingfisher */ = {
			isa = XCSwiftPackageProductDependency;
			package = 5E826D412DE5C40A001CB223 /* XCRemoteSwiftPackageReference "Kingfisher" */;
			productName = Kingfisher;
		};
/* End XCSwiftPackageProductDependency section */
	};
	rootObject = 5E47AC272DE341A4008B5F14 /* Project object */;
}
