// !$*UTF8*$!
{
	archiveVersion = 1;
	classes = {
	};
	objectVersion = 77;
	objects = {

/* Begin PBXContainerItemProxy section */
		5E47AC462DE341A5008B5F14 /* PBXContainerItemProxy */ = {
			isa = PBXContainerItemProxy;
			containerPortal = 5E47AC272DE341A4008B5F14 /* Project object */;
			proxyType = 1;
			remoteGlobalIDString = 5E47AC2E2DE341A4008B5F14;
			remoteInfo = GlobeJSONFeed;
		};
		5E47AC502DE341A5008B5F14 /* PBXContainerItemProxy */ = {
			isa = PBXContainerItemProxy;
			containerPortal = 5E47AC272DE341A4008B5F14 /* Project object */;
			proxyType = 1;
			remoteGlobalIDString = 5E47AC2E2DE341A4008B5F14;
			remoteInfo = GlobeJSONFeed;
		};
/* End PBXContainerItemProxy section */

/* Begin PBXFileReference section */
		5E47AC2F2DE341A4008B5F14 /* GlobeJSONFeed.app */ = {isa = PBXFileReference; explicitFileType = wrapper.application; includeInIndex = 0; path = GlobeJSONFeed.app; sourceTree = BUILT_PRODUCTS_DIR; };
		5E47AC452DE341A5008B5F14 /* GlobeJSONFeedTests.xctest */ = {isa = PBXFileReference; explicitFileType = wrapper.cfbundle; includeInIndex = 0; path = GlobeJSONFeedTests.xctest; sourceTree = BUILT_PRODUCTS_DIR; };
		5E47AC4F2DE341A5008B5F14 /* GlobeJSONFeedUITests.xctest */ = {isa = PBXFileReference; explicitFileType = wrapper.cfbundle; includeInIndex = 0; path = GlobeJSONFeedUITests.xctest; sourceTree = BUILT_PRODUCTS_DIR; };
/* End PBXFileReference section */

/* Begin PBXFileSystemSynchronizedBuildFileExceptionSet section */
		5E47AC572DE341A5008B5F14 /* Exceptions for "GlobeJSONFeed" folder in "GlobeJSONFeed" target */ = {
			isa = PBXFileSystemSynchronizedBuildFileExceptionSet;
			membershipExceptions = (
				Info.plist,
			);
			target = 5E47AC2E2DE341A4008B5F14 /* GlobeJSONFeed */;
		};
/* End PBXFileSystemSynchronizedBuildFileExceptionSet section */

/* Begin PBXFileSystemSynchronizedRootGroup section */
		5E47AC312DE341A4008B5F14 /* GlobeJSONFeed */ = {
			isa = PBXFileSystemSynchronizedRootGroup;
			exceptions = (
				5E47AC572DE341A5008B5F14 /* Exceptions for "GlobeJSONFeed" folder in "GlobeJSONFeed" target */,
			);
			path = GlobeJSONFeed;
			sourceTree = "<group>";
		};
		5E47AC482DE341A5008B5F14 /* GlobeJSONFeedTests */ = {
			isa = PBXFileSystemSynchronizedRootGroup;
			path = GlobeJSONFeedTests;
			sourceTree = "<group>";
		};
		5E47AC522DE341A5008B5F14 /* GlobeJSONFeedUITests */ = {
			isa = PBXFileSystemSynchronizedRootGroup;
			path = GlobeJSONFeedUITests;
			sourceTree = "<group>";
		};
/* End PBXFileSystemSynchronizedRootGroup section */

/* Begin PBXFrameworksBuildPhase section */
		5E47AC2C2DE341A4008B5F14 /* Frameworks */ = {
			isa = PBXFrameworksBuildPhase;
			buildActionMask = 2147483647;
			files = (
			);
			runOnlyForDeploymentPostprocessing = 0;
		};
		5E47AC422DE341A5008B5F14 /* Frameworks */ = {
			isa = PBXFrameworksBuildPhase;
			buildActionMask = 2147483647;
			files = (
			);
			runOnlyForDeploymentPostprocessing = 0;
		};
		5E47AC4C2DE341A5008B5F14 /* Frameworks */ = {
			isa = PBXFrameworksBuildPhase;
			buildActionMask = 2147483647;
			files = (
			);
			runOnlyForDeploymentPostprocessing = 0;
		};
/* End PBXFrameworksBuildPhase section */

/* Begin PBXGroup section */
		5E47AC262DE341A4008B5F14 = {
			isa = PBXGroup;
			children = (
				5E47AC312DE341A4008B5F14 /* GlobeJSONFeed */,
				5E47AC482DE341A5008B5F14 /* GlobeJSONFeedTests */,
				5E47AC522DE341A5008B5F14 /* GlobeJSONFeedUITests */,
				5E47AC302DE341A4008B5F14 /* Products */,
			);
			sourceTree = "<group>";
		};
		5E47AC302DE341A4008B5F14 /* Products */ = {
			isa = PBXGroup;
			children = (
				5E47AC2F2DE341A4008B5F14 /* GlobeJSONFeed.app */,
				5E47AC452DE341A5008B5F14 /* GlobeJSONFeedTests.xctest */,
				5E47AC4F2DE341A5008B5F14 /* GlobeJSONFeedUITests.xctest */,
			);
			name = Products;
			sourceTree = "<group>";
		};
/* End PBXGroup section */

/* Begin PBXNativeTarget section */
		5E47AC2E2DE341A4008B5F14 /* GlobeJSONFeed */ = {
			isa = PBXNativeTarget;
			buildConfigurationList = 5E47AC582DE341A5008B5F14 /* Build configuration list for PBXNativeTarget "GlobeJSONFeed" */;
			buildPhases = (
				5E47AC2B2DE341A4008B5F14 /* Sources */,
				5E47AC2C2DE341A4008B5F14 /* Frameworks */,
				5E47AC2D2DE341A4008B5F14 /* Resources */,
			);
			buildRules = (
			);
			dependencies = (
			);
			fileSystemSynchronizedGroups = (
				5E47AC312DE341A4008B5F14 /* GlobeJSONFeed */,
			);
			name = GlobeJSONFeed;
			packageProductDependencies = (
			);
			productName = GlobeJSONFeed;
			productReference = 5E47AC2F2DE341A4008B5F14 /* GlobeJSONFeed.app */;
			productType = "com.apple.product-type.application";
		};
		5E47AC442DE341A5008B5F14 /* GlobeJSONFeedTests */ = {
			isa = PBXNativeTarget;
			buildConfigurationList = 5E47AC5D2DE341A5008B5F14 /* Build configuration list for PBXNativeTarget "GlobeJSONFeedTests" */;
			buildPhases = (
				5E47AC412DE341A5008B5F14 /* Sources */,
				5E47AC422DE341A5008B5F14 /* Frameworks */,
				5E47AC432DE341A5008B5F14 /* Resources */,
			);
			buildRules = (
			);
			dependencies = (
				5E47AC472DE341A5008B5F14 /* PBXTargetDependency */,
			);
			fileSystemSynchronizedGroups = (
				5E47AC482DE341A5008B5F14 /* GlobeJSONFeedTests */,
			);
			name = GlobeJSONFeedTests;
			packageProductDependencies = (
			);
			productName = GlobeJSONFeedTests;
			productReference = 5E47AC452DE341A5008B5F14 /* GlobeJSONFeedTests.xctest */;
			productType = "com.apple.product-type.bundle.unit-test";
		};
		5E47AC4E2DE341A5008B5F14 /* GlobeJSONFeedUITests */ = {
			isa = PBXNativeTarget;
			buildConfigurationList = 5E47AC602DE341A5008B5F14 /* Build configuration list for PBXNativeTarget "GlobeJSONFeedUITests" */;
			buildPhases = (
				5E47AC4B2DE341A5008B5F14 /* Sources */,
				5E47AC4C2DE341A5008B5F14 /* Frameworks */,
				5E47AC4D2DE341A5008B5F14 /* Resources */,
			);
			buildRules = (
			);
			dependencies = (
				5E47AC512DE341A5008B5F14 /* PBXTargetDependency */,
			);
			fileSystemSynchronizedGroups = (
				5E47AC522DE341A5008B5F14 /* GlobeJSONFeedUITests */,
			);
			name = GlobeJSONFeedUITests;
			packageProductDependencies = (
			);
			productName = GlobeJSONFeedUITests;
			productReference = 5E47AC4F2DE341A5008B5F14 /* GlobeJSONFeedUITests.xctest */;
			productType = "com.apple.product-type.bundle.ui-testing";
		};
/* End PBXNativeTarget section */

/* Begin PBXProject section */
		5E47AC272DE341A4008B5F14 /* Project object */ = {
			isa = PBXProject;
			attributes = {
				BuildIndependentTargetsInParallel = 1;
				LastSwiftUpdateCheck = 1620;
				LastUpgradeCheck = 1620;
				TargetAttributes = {
					5E47AC2E2DE341A4008B5F14 = {
						CreatedOnToolsVersion = 16.2;
					};
					5E47AC442DE341A5008B5F14 = {
						CreatedOnToolsVersion = 16.2;
						TestTargetID = 5E47AC2E2DE341A4008B5F14;
					};
					5E47AC4E2DE341A5008B5F14 = {
						CreatedOnToolsVersion = 16.2;
						TestTargetID = 5E47AC2E2DE341A4008B5F14;
					};
				};
			};
			buildConfigurationList = 5E47AC2A2DE341A4008B5F14 /* Build configuration list for PBXProject "GlobeJSONFeed" */;
			developmentRegion = en;
			hasScannedForEncodings = 0;
			knownRegions = (
				en,
				Base,
			);
			mainGroup = 5E47AC262DE341A4008B5F14;
			minimizedProjectReferenceProxies = 1;
			preferredProjectObjectVersion = 77;
			productRefGroup = 5E47AC302DE341A4008B5F14 /* Products */;
			projectDirPath = "";
			projectRoot = "";
			targets = (
				5E47AC2E2DE341A4008B5F14 /* GlobeJSONFeed */,
				5E47AC442DE341A5008B5F14 /* GlobeJSONFeedTests */,
				5E47AC4E2DE341A5008B5F14 /* GlobeJSONFeedUITests */,
			);
		};
/* End PBXProject section */

/* Begin PBXResourcesBuildPhase section */
		5E47AC2D2DE341A4008B5F14 /* Resources */ = {
			isa = PBXResourcesBuildPhase;
			buildActionMask = 2147483647;
			files = (
			);
			runOnlyForDeploymentPostprocessing = 0;
		};
		5E47AC432DE341A5008B5F14 /* Resources */ = {
			isa = PBXResourcesBuildPhase;
			buildActionMask = 2147483647;
			files = (
			);
			runOnlyForDeploymentPostprocessing = 0;
		};
		5E47AC4D2DE341A5008B5F14 /* Resources */ = {
			isa = PBXResourcesBuildPhase;
			buildActionMask = 2147483647;
			files = (
			);
			runOnlyForDeploymentPostprocessing = 0;
		};
/* End PBXResourcesBuildPhase section */

/* Begin PBXSourcesBuildPhase section */
		5E47AC2B2DE341A4008B5F14 /* Sources */ = {
			isa = PBXSourcesBuildPhase;
			buildActionMask = 2147483647;
			files = (
			);
			runOnlyForDeploymentPostprocessing = 0;
		};
		5E47AC412DE341A5008B5F14 /* Sources */ = {
			isa = PBXSourcesBuildPhase;
			buildActionMask = 2147483647;
			files = (
			);
			runOnlyForDeploymentPostprocessing = 0;
		};
		5E47AC4B2DE341A5008B5F14 /* Sources */ = {
			isa = PBXSourcesBuildPhase;
			buildActionMask = 2147483647;
			files = (
			);
			runOnlyForDeploymentPostprocessing = 0;
		};
/* End PBXSourcesBuildPhase section */

/* Begin PBXTargetDependency section */
		5E47AC472DE341A5008B5F14 /* PBXTargetDependency */ = {
			isa = PBXTargetDependency;
			target = 5E47AC2E2DE341A4008B5F14 /* GlobeJSONFeed */;
			targetProxy = 5E47AC462DE341A5008B5F14 /* PBXContainerItemProxy */;
		};
		5E47AC512DE341A5008B5F14 /* PBXTargetDependency */ = {
			isa = PBXTargetDependency;
			target = 5E47AC2E2DE341A4008B5F14 /* GlobeJSONFeed */;
			targetProxy = 5E47AC502DE341A5008B5F14 /* PBXContainerItemProxy */;
		};
/* End PBXTargetDependency section */

/* Begin XCBuildConfiguration section */
		5E47AC592DE341A5008B5F14 /* Debug */ = {
			isa = XCBuildConfiguration;
			buildSettings = {
				ASSETCATALOG_COMPILER_APPICON_NAME = AppIcon;
				ASSETCATALOG_COMPILER_GLOBAL_ACCENT_COLOR_NAME = AccentColor;
				CODE_SIGN_STYLE = Automatic;
				CURRENT_PROJECT_VERSION = 1;
				GENERATE_INFOPLIST_FILE = YES;
				INFOPLIST_FILE = GlobeJSONFeed/Info.plist;
				INFOPLIST_KEY_UIApplicationSupportsIndirectInputEvents = YES;
				INFOPLIST_KEY_UILaunchStoryboardName = LaunchScreen;
				INFOPLIST_KEY_UIMainStoryboardFile = Main;
				INFOPLIST_KEY_UISupportedInterfaceOrientations_iPad = "UIInterfaceOrientationPortrait UIInterfaceOrientationPortraitUpsideDown UIInterfaceOrientationLandscapeLeft UIInterfaceOrientationLandscapeRight";
				INFOPLIST_KEY_UISupportedInterfaceOrientations_iPhone = "UIInterfaceOrientationPortrait UIInterfaceOrientationLandscapeLeft UIInterfaceOrientationLandscapeRight";
				LD_RUNPATH_SEARCH_PATHS = (
					"$(inherited)",
					"@executable_path/Frameworks",
				);
				MARKETING_VERSION = 1.0;
				PRODUCT_BUNDLE_IDENTIFIER = "com.dumadapat.adonis.globe-json.GlobeJSONFeed";
				PRODUCT_NAME = "$(TARGET_NAME)";
				SWIFT_EMIT_LOC_STRINGS = YES;
				SWIFT_VERSION = 5.0;
				TARGETED_DEVICE_FAMILY = "1,2";
			};
			name = Debug;
		};
		5E47AC5A2DE341A5008B5F14 /* Release */ = {
			isa = XCBuildConfiguration;
			buildSettings = {
				ASSETCATALOG_COMPILER_APPICON_NAME = AppIcon;
				ASSETCATALOG_COMPILER_GLOBAL_ACCENT_COLOR_NAME = AccentColor;
				CODE_SIGN_STYLE = Automatic;
				CURRENT_PROJECT_VERSION = 1;
				GENERATE_INFOPLIST_FILE = YES;
				INFOPLIST_FILE = GlobeJSONFeed/Info.plist;
				INFOPLIST_KEY_UIApplicationSupportsIndirectInputEvents = YES;
				INFOPLIST_KEY_UILaunchStoryboardName = LaunchScreen;
				INFOPLIST_KEY_UIMainStoryboardFile = Main;
				INFOPLIST_KEY_UISupportedInterfaceOrientations_iPad = "UIInterfaceOrientationPortrait UIInterfaceOrientationPortraitUpsideDown UIInterfaceOrientationLandscapeLeft UIInterfaceOrientationLandscapeRight";
				INFOPLIST_KEY_UISupportedInterfaceOrientations_iPhone = "UIInterfaceOrientationPortrait UIInterfaceOrientationLandscapeLeft UIInterfaceOrientationLandscapeRight";
				LD_RUNPATH_SEARCH_PATHS = (
					"$(inherited)",
					"@executable_path/Frameworks",
				);
				MARKETING_VERSION = 1.0;
				PRODUCT_BUNDLE_IDENTIFIER = "com.dumadapat.adonis.globe-json.GlobeJSONFeed";
				PRODUCT_NAME = "$(TARGET_NAME)";
				SWIFT_EMIT_LOC_STRINGS = YES;
				SWIFT_VERSION = 5.0;
				TARGETED_DEVICE_FAMILY = "1,2";
			};
			name = Release;
		};
		5E47AC5B2DE341A5008B5F14 /* Debug */ = {
			isa = XCBuildConfiguration;
			buildSettings = {
				ALWAYS_SEARCH_USER_PATHS = NO;
				ASSETCATALOG_COMPILER_GENERATE_SWIFT_ASSET_SYMBOL_EXTENSIONS = YES;
				CLANG_ANALYZER_NONNULL = YES;
				CLANG_ANALYZER_NUMBER_OBJECT_CONVERSION = YES_AGGRESSIVE;
				CLANG_CXX_LANGUAGE_STANDARD = "gnu++20";
				CLANG_ENABLE_MODULES = YES;
				CLANG_ENABLE_OBJC_ARC = YES;
				CLANG_ENABLE_OBJC_WEAK = YES;
				CLANG_WARN_BLOCK_CAPTURE_AUTORELEASING = YES;
				CLANG_WARN_BOOL_CONVERSION = YES;
				CLANG_WARN_COMMA = YES;
				CLANG_WARN_CONSTANT_CONVERSION = YES;
				CLANG_WARN_DEPRECATED_OBJC_IMPLEMENTATIONS = YES;
				CLANG_WARN_DIRECT_OBJC_ISA_USAGE = YES_ERROR;
				CLANG_WARN_DOCUMENTATION_COMMENTS = YES;
				CLANG_WARN_EMPTY_BODY = YES;
				CLANG_WARN_ENUM_CONVERSION = YES;
				CLANG_WARN_INFINITE_RECURSION = YES;
				CLANG_WARN_INT_CONVERSION = YES;
				CLANG_WARN_NON_LITERAL_NULL_CONVERSION = YES;
				CLANG_WARN_OBJC_IMPLICIT_RETAIN_SELF = YES;
				CLANG_WARN_OBJC_LITERAL_CONVERSION = YES;
				CLANG_WARN_OBJC_ROOT_CLASS = YES_ERROR;
				CLANG_WARN_QUOTED_INCLUDE_IN_FRAMEWORK_HEADER = YES;
				CLANG_WARN_RANGE_LOOP_ANALYSIS = YES;
				CLANG_WARN_STRICT_PROTOTYPES = YES;
				CLANG_WARN_SUSPICIOUS_MOVE = YES;
				CLANG_WARN_UNGUARDED_AVAILABILITY = YES_AGGRESSIVE;
				CLANG_WARN_UNREACHABLE_CODE = YES;
				CLANG_WARN__DUPLICATE_METHOD_MATCH = YES;
				COPY_PHASE_STRIP = NO;
				DEBUG_INFORMATION_FORMAT = dwarf;
				ENABLE_STRICT_OBJC_MSGSEND = YES;
				ENABLE_TESTABILITY = YES;
				ENABLE_USER_SCRIPT_SANDBOXING = YES;
				GCC_C_LANGUAGE_STANDARD = gnu17;
				GCC_DYNAMIC_NO_PIC = NO;
				GCC_NO_COMMON_BLOCKS = YES;
				GCC_OPTIMIZATION_LEVEL = 0;
				GCC_PREPROCESSOR_DEFINITIONS = (
					"DEBUG=1",
					"$(inherited)",
				);
				GCC_WARN_64_TO_32_BIT_CONVERSION = YES;
				GCC_WARN_ABOUT_RETURN_TYPE = YES_ERROR;
				GCC_WARN_UNDECLARED_SELECTOR = YES;
				GCC_WARN_UNINITIALIZED_AUTOS = YES_AGGRESSIVE;
				GCC_WARN_UNUSED_FUNCTION = YES;
				GCC_WARN_UNUSED_VARIABLE = YES;
				IPHONEOS_DEPLOYMENT_TARGET = 18.2;
				LOCALIZATION_PREFERS_STRING_CATALOGS = YES;
				MTL_ENABLE_DEBUG_INFO = INCLUDE_SOURCE;
				MTL_FAST_MATH = YES;
				ONLY_ACTIVE_ARCH = YES;
				SDKROOT = iphoneos;
				SWIFT_ACTIVE_COMPILATION_CONDITIONS = "DEBUG $(inherited)";
				SWIFT_OPTIMIZATION_LEVEL = "-Onone";
			};
			name = Debug;
		};
		5E47AC5C2DE341A5008B5F14 /* Release */ = {
			isa = XCBuildConfiguration;
			buildSettings = {
				ALWAYS_SEARCH_USER_PATHS = NO;
				ASSETCATALOG_COMPILER_GENERATE_SWIFT_ASSET_SYMBOL_EXTENSIONS = YES;
				CLANG_ANALYZER_NONNULL = YES;
				CLANG_ANALYZER_NUMBER_OBJECT_CONVERSION = YES_AGGRESSIVE;
				CLANG_CXX_LANGUAGE_STANDARD = "gnu++20";
				CLANG_ENABLE_MODULES = YES;
				CLANG_ENABLE_OBJC_ARC = YES;
				CLANG_ENABLE_OBJC_WEAK = YES;
				CLANG_WARN_BLOCK_CAPTURE_AUTORELEASING = YES;
				CLANG_WARN_BOOL_CONVERSION = YES;
				CLANG_WARN_COMMA = YES;
				CLANG_WARN_CONSTANT_CONVERSION = YES;
				CLANG_WARN_DEPRECATED_OBJC_IMPLEMENTATIONS = YES;
				CLANG_WARN_DIRECT_OBJC_ISA_USAGE = YES_ERROR;
				CLANG_WARN_DOCUMENTATION_COMMENTS = YES;
				CLANG_WARN_EMPTY_BODY = YES;
				CLANG_WARN_ENUM_CONVERSION = YES;
				CLANG_WARN_INFINITE_RECURSION = YES;
				CLANG_WARN_INT_CONVERSION = YES;
				CLANG_WARN_NON_LITERAL_NULL_CONVERSION = YES;
				CLANG_WARN_OBJC_IMPLICIT_RETAIN_SELF = YES;
				CLANG_WARN_OBJC_LITERAL_CONVERSION = YES;
				CLANG_WARN_OBJC_ROOT_CLASS = YES_ERROR;
				CLANG_WARN_QUOTED_INCLUDE_IN_FRAMEWORK_HEADER = YES;
				CLANG_WARN_RANGE_LOOP_ANALYSIS = YES;
				CLANG_WARN_STRICT_PROTOTYPES = YES;
				CLANG_WARN_SUSPICIOUS_MOVE = YES;
				CLANG_WARN_UNGUARDED_AVAILABILITY = YES_AGGRESSIVE;
				CLANG_WARN_UNREACHABLE_CODE = YES;
				CLANG_WARN__DUPLICATE_METHOD_MATCH = YES;
				COPY_PHASE_STRIP = NO;
				DEBUG_INFORMATION_FORMAT = "dwarf-with-dsym";
				ENABLE_NS_ASSERTIONS = NO;
				ENABLE_STRICT_OBJC_MSGSEND = YES;
				ENABLE_USER_SCRIPT_SANDBOXING = YES;
				GCC_C_LANGUAGE_STANDARD = gnu17;
				GCC_NO_COMMON_BLOCKS = YES;
				GCC_WARN_64_TO_32_BIT_CONVERSION = YES;
				GCC_WARN_ABOUT_RETURN_TYPE = YES_ERROR;
				GCC_WARN_UNDECLARED_SELECTOR = YES;
				GCC_WARN_UNINITIALIZED_AUTOS = YES_AGGRESSIVE;
				GCC_WARN_UNUSED_FUNCTION = YES;
				GCC_WARN_UNUSED_VARIABLE = YES;
				IPHONEOS_DEPLOYMENT_TARGET = 18.2;
				LOCALIZATION_PREFERS_STRING_CATALOGS = YES;
				MTL_ENABLE_DEBUG_INFO = NO;
				MTL_FAST_MATH = YES;
				SDKROOT = iphoneos;
				SWIFT_COMPILATION_MODE = wholemodule;
				VALIDATE_PRODUCT = YES;
			};
			name = Release;
		};
		5E47AC5E2DE341A5008B5F14 /* Debug */ = {
			isa = XCBuildConfiguration;
			buildSettings = {
				BUNDLE_LOADER = "$(TEST_HOST)";
				CODE_SIGN_STYLE = Automatic;
				CURRENT_PROJECT_VERSION = 1;
				GENERATE_INFOPLIST_FILE = YES;
				IPHONEOS_DEPLOYMENT_TARGET = 18.2;
				MARKETING_VERSION = 1.0;
				PRODUCT_BUNDLE_IDENTIFIER = "com.dumadapat.adonis.globe-json.GlobeJSONFeedTests";
				PRODUCT_NAME = "$(TARGET_NAME)";
				SWIFT_EMIT_LOC_STRINGS = NO;
				SWIFT_VERSION = 5.0;
				TARGETED_DEVICE_FAMILY = "1,2";
				TEST_HOST = "$(BUILT_PRODUCTS_DIR)/GlobeJSONFeed.app/$(BUNDLE_EXECUTABLE_FOLDER_PATH)/GlobeJSONFeed";
			};
			name = Debug;
		};
		5E47AC5F2DE341A5008B5F14 /* Release */ = {
			isa = XCBuildConfiguration;
			buildSettings = {
				BUNDLE_LOADER = "$(TEST_HOST)";
				CODE_SIGN_STYLE = Automatic;
				CURRENT_PROJECT_VERSION = 1;
				GENERATE_INFOPLIST_FILE = YES;
				IPHONEOS_DEPLOYMENT_TARGET = 18.2;
				MARKETING_VERSION = 1.0;
				PRODUCT_BUNDLE_IDENTIFIER = "com.dumadapat.adonis.globe-json.GlobeJSONFeedTests";
				PRODUCT_NAME = "$(TARGET_NAME)";
				SWIFT_EMIT_LOC_STRINGS = NO;
				SWIFT_VERSION = 5.0;
				TARGETED_DEVICE_FAMILY = "1,2";
				TEST_HOST = "$(BUILT_PRODUCTS_DIR)/GlobeJSONFeed.app/$(BUNDLE_EXECUTABLE_FOLDER_PATH)/GlobeJSONFeed";
			};
			name = Release;
		};
		5E47AC612DE341A5008B5F14 /* Debug */ = {
			isa = XCBuildConfiguration;
			buildSettings = {
				CODE_SIGN_STYLE = Automatic;
				CURRENT_PROJECT_VERSION = 1;
				GENERATE_INFOPLIST_FILE = YES;
				MARKETING_VERSION = 1.0;
				PRODUCT_BUNDLE_IDENTIFIER = "com.dumadapat.adonis.globe-json.GlobeJSONFeedUITests";
				PRODUCT_NAME = "$(TARGET_NAME)";
				SWIFT_EMIT_LOC_STRINGS = NO;
				SWIFT_VERSION = 5.0;
				TARGETED_DEVICE_FAMILY = "1,2";
				TEST_TARGET_NAME = GlobeJSONFeed;
			};
			name = Debug;
		};
		5E47AC622DE341A5008B5F14 /* Release */ = {
			isa = XCBuildConfiguration;
			buildSettings = {
				CODE_SIGN_STYLE = Automatic;
				CURRENT_PROJECT_VERSION = 1;
				GENERATE_INFOPLIST_FILE = YES;
				MARKETING_VERSION = 1.0;
				PRODUCT_BUNDLE_IDENTIFIER = "com.dumadapat.adonis.globe-json.GlobeJSONFeedUITests";
				PRODUCT_NAME = "$(TARGET_NAME)";
				SWIFT_EMIT_LOC_STRINGS = NO;
				SWIFT_VERSION = 5.0;
				TARGETED_DEVICE_FAMILY = "1,2";
				TEST_TARGET_NAME = GlobeJSONFeed;
			};
			name = Release;
		};
/* End XCBuildConfiguration section */

/* Begin XCConfigurationList section */
		5E47AC2A2DE341A4008B5F14 /* Build configuration list for PBXProject "GlobeJSONFeed" */ = {
			isa = XCConfigurationList;
			buildConfigurations = (
				5E47AC5B2DE341A5008B5F14 /* Debug */,
				5E47AC5C2DE341A5008B5F14 /* Release */,
			);
			defaultConfigurationIsVisible = 0;
			defaultConfigurationName = Release;
		};
		5E47AC582DE341A5008B5F14 /* Build configuration list for PBXNativeTarget "GlobeJSONFeed" */ = {
			isa = XCConfigurationList;
			buildConfigurations = (
				5E47AC592DE341A5008B5F14 /* Debug */,
				5E47AC5A2DE341A5008B5F14 /* Release */,
			);
			defaultConfigurationIsVisible = 0;
			defaultConfigurationName = Release;
		};
		5E47AC5D2DE341A5008B5F14 /* Build configuration list for PBXNativeTarget "GlobeJSONFeedTests" */ = {
			isa = XCConfigurationList;
			buildConfigurations = (
				5E47AC5E2DE341A5008B5F14 /* Debug */,
				5E47AC5F2DE341A5008B5F14 /* Release */,
			);
			defaultConfigurationIsVisible = 0;
			defaultConfigurationName = Release;
		};
		5E47AC602DE341A5008B5F14 /* Build configuration list for PBXNativeTarget "GlobeJSONFeedUITests" */ = {
			isa = XCConfigurationList;
			buildConfigurations = (
				5E47AC612DE341A5008B5F14 /* Debug */,
				5E47AC622DE341A5008B5F14 /* Release */,
			);
			defaultConfigurationIsVisible = 0;
			defaultConfigurationName = Release;
		};
/* End XCConfigurationList section */
	};
	rootObject = 5E47AC272DE341A4008B5F14 /* Project object */;
}
